// !$*UTF8*$!
{
	archiveVersion = 1;
	classes = {
	};
	objectVersion = 56;
	objects = {

/* Begin PBXBuildFile section */
		638B86DD29D3316700989841 /* AppDelegate.swift in Sources */ = {isa = PBXBuildFile; fileRef = 638B86DC29D3316700989841 /* AppDelegate.swift */; };
		638B86DF29D3316700989841 /* SceneDelegate.swift in Sources */ = {isa = PBXBuildFile; fileRef = 638B86DE29D3316700989841 /* SceneDelegate.swift */; };
		638B86E129D3316700989841 /* ViewController.swift in Sources */ = {isa = PBXBuildFile; fileRef = 638B86E029D3316700989841 /* ViewController.swift */; };
		638B86E429D3316700989841 /* Main.storyboard in Resources */ = {isa = PBXBuildFile; fileRef = 638B86E229D3316700989841 /* Main.storyboard */; };
		638B86E629D3316800989841 /* Assets.xcassets in Resources */ = {isa = PBXBuildFile; fileRef = 638B86E529D3316800989841 /* Assets.xcassets */; };
		638B86E929D3316800989841 /* LaunchScreen.storyboard in Resources */ = {isa = PBXBuildFile; fileRef = 638B86E729D3316800989841 /* LaunchScreen.storyboard */; };
		638B86F429D3316800989841 /* TrippAppTests.swift in Sources */ = {isa = PBXBuildFile; fileRef = 638B86F329D3316800989841 /* TrippAppTests.swift */; };
		638B86FE29D3316800989841 /* TrippAppUITests.swift in Sources */ = {isa = PBXBuildFile; fileRef = 638B86FD29D3316800989841 /* TrippAppUITests.swift */; };
		638B870029D3316800989841 /* TrippAppUITestsLaunchTests.swift in Sources */ = {isa = PBXBuildFile; fileRef = 638B86FF29D3316800989841 /* TrippAppUITestsLaunchTests.swift */; };
		638B870D29D3322300989841 /* TripModelView.swift in Sources */ = {isa = PBXBuildFile; fileRef = 638B870C29D3322300989841 /* TripModelView.swift */; };
		638B870F29D3328800989841 /* Trip.swift in Sources */ = {isa = PBXBuildFile; fileRef = 638B870E29D3328800989841 /* Trip.swift */; };
/* End PBXBuildFile section */

/* Begin PBXContainerItemProxy section */
		638B86F029D3316800989841 /* PBXContainerItemProxy */ = {
			isa = PBXContainerItemProxy;
			containerPortal = 638B86D129D3316700989841 /* Project object */;
			proxyType = 1;
			remoteGlobalIDString = 638B86D829D3316700989841;
			remoteInfo = TrippApp;
		};
		638B86FA29D3316800989841 /* PBXContainerItemProxy */ = {
			isa = PBXContainerItemProxy;
			containerPortal = 638B86D129D3316700989841 /* Project object */;
			proxyType = 1;
			remoteGlobalIDString = 638B86D829D3316700989841;
			remoteInfo = TrippApp;
		};
/* End PBXContainerItemProxy section */

/* Begin PBXFileReference section */
		638B86D929D3316700989841 /* TrippApp.app */ = {isa = PBXFileReference; explicitFileType = wrapper.application; includeInIndex = 0; path = TrippApp.app; sourceTree = BUILT_PRODUCTS_DIR; };
		638B86DC29D3316700989841 /* AppDelegate.swift */ = {isa = PBXFileReference; lastKnownFileType = sourcecode.swift; path = AppDelegate.swift; sourceTree = "<group>"; };
		638B86DE29D3316700989841 /* SceneDelegate.swift */ = {isa = PBXFileReference; lastKnownFileType = sourcecode.swift; path = SceneDelegate.swift; sourceTree = "<group>"; };
		638B86E029D3316700989841 /* ViewController.swift */ = {isa = PBXFileReference; lastKnownFileType = sourcecode.swift; path = ViewController.swift; sourceTree = "<group>"; };
		638B86E329D3316700989841 /* Base */ = {isa = PBXFileReference; lastKnownFileType = file.storyboard; name = Base; path = Base.lproj/Main.storyboard; sourceTree = "<group>"; };
		638B86E529D3316800989841 /* Assets.xcassets */ = {isa = PBXFileReference; lastKnownFileType = folder.assetcatalog; path = Assets.xcassets; sourceTree = "<group>"; };
		638B86E829D3316800989841 /* Base */ = {isa = PBXFileReference; lastKnownFileType = file.storyboard; name = Base; path = Base.lproj/LaunchScreen.storyboard; sourceTree = "<group>"; };
		638B86EA29D3316800989841 /* Info.plist */ = {isa = PBXFileReference; lastKnownFileType = text.plist.xml; path = Info.plist; sourceTree = "<group>"; };
		638B86EF29D3316800989841 /* TrippAppTests.xctest */ = {isa = PBXFileReference; explicitFileType = wrapper.cfbundle; includeInIndex = 0; path = TrippAppTests.xctest; sourceTree = BUILT_PRODUCTS_DIR; };
		638B86F329D3316800989841 /* TrippAppTests.swift */ = {isa = PBXFileReference; lastKnownFileType = sourcecode.swift; path = TrippAppTests.swift; sourceTree = "<group>"; };
		638B86F929D3316800989841 /* TrippAppUITests.xctest */ = {isa = PBXFileReference; explicitFileType = wrapper.cfbundle; includeInIndex = 0; path = TrippAppUITests.xctest; sourceTree = BUILT_PRODUCTS_DIR; };
		638B86FD29D3316800989841 /* TrippAppUITests.swift */ = {isa = PBXFileReference; lastKnownFileType = sourcecode.swift; path = TrippAppUITests.swift; sourceTree = "<group>"; };
		638B86FF29D3316800989841 /* TrippAppUITestsLaunchTests.swift */ = {isa = PBXFileReference; lastKnownFileType = sourcecode.swift; path = TrippAppUITestsLaunchTests.swift; sourceTree = "<group>"; };
		638B870C29D3322300989841 /* TripModelView.swift */ = {isa = PBXFileReference; lastKnownFileType = sourcecode.swift; path = TripModelView.swift; sourceTree = "<group>"; };
		638B870E29D3328800989841 /* Trip.swift */ = {isa = PBXFileReference; lastKnownFileType = sourcecode.swift; path = Trip.swift; sourceTree = "<group>"; };
/* End PBXFileReference section */

/* Begin PBXFrameworksBuildPhase section */
		638B86D629D3316700989841 /* Frameworks */ = {
			isa = PBXFrameworksBuildPhase;
			buildActionMask = 2147483647;
			files = (
			);
			runOnlyForDeploymentPostprocessing = 0;
		};
		638B86EC29D3316800989841 /* Frameworks */ = {
			isa = PBXFrameworksBuildPhase;
			buildActionMask = 2147483647;
			files = (
			);
			runOnlyForDeploymentPostprocessing = 0;
		};
		638B86F629D3316800989841 /* Frameworks */ = {
			isa = PBXFrameworksBuildPhase;
			buildActionMask = 2147483647;
			files = (
			);
			runOnlyForDeploymentPostprocessing = 0;
		};
/* End PBXFrameworksBuildPhase section */

/* Begin PBXGroup section */
		638B86D029D3316700989841 = {
			isa = PBXGroup;
			children = (
				638B86DB29D3316700989841 /* TrippApp */,
				638B86F229D3316800989841 /* TrippAppTests */,
				638B86FC29D3316800989841 /* TrippAppUITests */,
				638B86DA29D3316700989841 /* Products */,
			);
			sourceTree = "<group>";
		};
		638B86DA29D3316700989841 /* Products */ = {
			isa = PBXGroup;
			children = (
				638B86D929D3316700989841 /* TrippApp.app */,
				638B86EF29D3316800989841 /* TrippAppTests.xctest */,
				638B86F929D3316800989841 /* TrippAppUITests.xctest */,
			);
			name = Products;
			sourceTree = "<group>";
		};
		638B86DB29D3316700989841 /* TrippApp */ = {
			isa = PBXGroup;
			children = (
				638B86DC29D3316700989841 /* AppDelegate.swift */,
				638B86DE29D3316700989841 /* SceneDelegate.swift */,
				638B86E029D3316700989841 /* ViewController.swift */,
				638B870C29D3322300989841 /* TripModelView.swift */,
				638B870E29D3328800989841 /* Trip.swift */,
				638B86E229D3316700989841 /* Main.storyboard */,
				638B86E529D3316800989841 /* Assets.xcassets */,
				638B86E729D3316800989841 /* LaunchScreen.storyboard */,
				638B86EA29D3316800989841 /* Info.plist */,
			);
			path = TrippApp;
			sourceTree = "<group>";
		};
		638B86F229D3316800989841 /* TrippAppTests */ = {
			isa = PBXGroup;
			children = (
				638B86F329D3316800989841 /* TrippAppTests.swift */,
			);
			path = TrippAppTests;
			sourceTree = "<group>";
		};
		638B86FC29D3316800989841 /* TrippAppUITests */ = {
			isa = PBXGroup;
			children = (
				638B86FD29D3316800989841 /* TrippAppUITests.swift */,
				638B86FF29D3316800989841 /* TrippAppUITestsLaunchTests.swift */,
			);
			path = TrippAppUITests;
			sourceTree = "<group>";
		};
/* End PBXGroup section */

/* Begin PBXNativeTarget section */
		638B86D829D3316700989841 /* TrippApp */ = {
			isa = PBXNativeTarget;
			buildConfigurationList = 638B870329D3316800989841 /* Build configuration list for PBXNativeTarget "TrippApp" */;
			buildPhases = (
				638B86D529D3316700989841 /* Sources */,
				638B86D629D3316700989841 /* Frameworks */,
				638B86D729D3316700989841 /* Resources */,
			);
			buildRules = (
			);
			dependencies = (
			);
			name = TrippApp;
			productName = TrippApp;
			productReference = 638B86D929D3316700989841 /* TrippApp.app */;
			productType = "com.apple.product-type.application";
		};
		638B86EE29D3316800989841 /* TrippAppTests */ = {
			isa = PBXNativeTarget;
			buildConfigurationList = 638B870629D3316800989841 /* Build configuration list for PBXNativeTarget "TrippAppTests" */;
			buildPhases = (
				638B86EB29D3316800989841 /* Sources */,
				638B86EC29D3316800989841 /* Frameworks */,
				638B86ED29D3316800989841 /* Resources */,
			);
			buildRules = (
			);
			dependencies = (
				638B86F129D3316800989841 /* PBXTargetDependency */,
			);
			name = TrippAppTests;
			productName = TrippAppTests;
			productReference = 638B86EF29D3316800989841 /* TrippAppTests.xctest */;
			productType = "com.apple.product-type.bundle.unit-test";
		};
		638B86F829D3316800989841 /* TrippAppUITests */ = {
			isa = PBXNativeTarget;
			buildConfigurationList = 638B870929D3316800989841 /* Build configuration list for PBXNativeTarget "TrippAppUITests" */;
			buildPhases = (
				638B86F529D3316800989841 /* Sources */,
				638B86F629D3316800989841 /* Frameworks */,
				638B86F729D3316800989841 /* Resources */,
			);
			buildRules = (
			);
			dependencies = (
				638B86FB29D3316800989841 /* PBXTargetDependency */,
			);
			name = TrippAppUITests;
			productName = TrippAppUITests;
			productReference = 638B86F929D3316800989841 /* TrippAppUITests.xctest */;
			productType = "com.apple.product-type.bundle.ui-testing";
		};
/* End PBXNativeTarget section */

/* Begin PBXProject section */
		638B86D129D3316700989841 /* Project object */ = {
			isa = PBXProject;
			attributes = {
				BuildIndependentTargetsInParallel = 1;
				LastSwiftUpdateCheck = 1420;
				LastUpgradeCheck = 1420;
				TargetAttributes = {
					638B86D829D3316700989841 = {
						CreatedOnToolsVersion = 14.2;
					};
					638B86EE29D3316800989841 = {
						CreatedOnToolsVersion = 14.2;
						TestTargetID = 638B86D829D3316700989841;
					};
					638B86F829D3316800989841 = {
						CreatedOnToolsVersion = 14.2;
						TestTargetID = 638B86D829D3316700989841;
					};
				};
			};
			buildConfigurationList = 638B86D429D3316700989841 /* Build configuration list for PBXProject "TrippApp" */;
			compatibilityVersion = "Xcode 14.0";
			developmentRegion = en;
			hasScannedForEncodings = 0;
			knownRegions = (
				en,
				Base,
			);
			mainGroup = 638B86D029D3316700989841;
			productRefGroup = 638B86DA29D3316700989841 /* Products */;
			projectDirPath = "";
			projectRoot = "";
			targets = (
				638B86D829D3316700989841 /* TrippApp */,
				638B86EE29D3316800989841 /* TrippAppTests */,
				638B86F829D3316800989841 /* TrippAppUITests */,
			);
		};
/* End PBXProject section */

/* Begin PBXResourcesBuildPhase section */
		638B86D729D3316700989841 /* Resources */ = {
			isa = PBXResourcesBuildPhase;
			buildActionMask = 2147483647;
			files = (
				638B86E929D3316800989841 /* LaunchScreen.storyboard in Resources */,
				638B86E629D3316800989841 /* Assets.xcassets in Resources */,
				638B86E429D3316700989841 /* Main.storyboard in Resources */,
			);
			runOnlyForDeploymentPostprocessing = 0;
		};
		638B86ED29D3316800989841 /* Resources */ = {
			isa = PBXResourcesBuildPhase;
			buildActionMask = 2147483647;
			files = (
			);
			runOnlyForDeploymentPostprocessing = 0;
		};
		638B86F729D3316800989841 /* Resources */ = {
			isa = PBXResourcesBuildPhase;
			buildActionMask = 2147483647;
			files = (
			);
			runOnlyForDeploymentPostprocessing = 0;
		};
/* End PBXResourcesBuildPhase section */

/* Begin PBXSourcesBuildPhase section */
		638B86D529D3316700989841 /* Sources */ = {
			isa = PBXSourcesBuildPhase;
			buildActionMask = 2147483647;
			files = (
				638B870F29D3328800989841 /* Trip.swift in Sources */,
				638B86E129D3316700989841 /* ViewController.swift in Sources */,
				638B870D29D3322300989841 /* TripModelView.swift in Sources */,
				638B86DD29D3316700989841 /* AppDelegate.swift in Sources */,
				638B86DF29D3316700989841 /* SceneDelegate.swift in Sources */,
			);
			runOnlyForDeploymentPostprocessing = 0;
		};
		638B86EB29D3316800989841 /* Sources */ = {
			isa = PBXSourcesBuildPhase;
			buildActionMask = 2147483647;
			files = (
				638B86F429D3316800989841 /* TrippAppTests.swift in Sources */,
			);
			runOnlyForDeploymentPostprocessing = 0;
		};
		638B86F529D3316800989841 /* Sources */ = {
			isa = PBXSourcesBuildPhase;
			buildActionMask = 2147483647;
			files = (
				638B870029D3316800989841 /* TrippAppUITestsLaunchTests.swift in Sources */,
				638B86FE29D3316800989841 /* TrippAppUITests.swift in Sources */,
			);
			runOnlyForDeploymentPostprocessing = 0;
		};
/* End PBXSourcesBuildPhase section */

/* Begin PBXTargetDependency section */
		638B86F129D3316800989841 /* PBXTargetDependency */ = {
			isa = PBXTargetDependency;
			target = 638B86D829D3316700989841 /* TrippApp */;
			targetProxy = 638B86F029D3316800989841 /* PBXContainerItemProxy */;
		};
		638B86FB29D3316800989841 /* PBXTargetDependency */ = {
			isa = PBXTargetDependency;
			target = 638B86D829D3316700989841 /* TrippApp */;
			targetProxy = 638B86FA29D3316800989841 /* PBXContainerItemProxy */;
		};
/* End PBXTargetDependency section */

/* Begin PBXVariantGroup section */
		638B86E229D3316700989841 /* Main.storyboard */ = {
			isa = PBXVariantGroup;
			children = (
				638B86E329D3316700989841 /* Base */,
			);
			name = Main.storyboard;
			sourceTree = "<group>";
		};
		638B86E729D3316800989841 /* LaunchScreen.storyboard */ = {
			isa = PBXVariantGroup;
			children = (
				638B86E829D3316800989841 /* Base */,
			);
			name = LaunchScreen.storyboard;
			sourceTree = "<group>";
		};
/* End PBXVariantGroup section */

/* Begin XCBuildConfiguration section */
		638B870129D3316800989841 /* Debug */ = {
			isa = XCBuildConfiguration;
			buildSettings = {
				ALWAYS_SEARCH_USER_PATHS = NO;
				CLANG_ANALYZER_NONNULL = YES;
				CLANG_ANALYZER_NUMBER_OBJECT_CONVERSION = YES_AGGRESSIVE;
				CLANG_CXX_LANGUAGE_STANDARD = "gnu++20";
				CLANG_ENABLE_MODULES = YES;
				CLANG_ENABLE_OBJC_ARC = YES;
				CLANG_ENABLE_OBJC_WEAK = YES;
				CLANG_WARN_BLOCK_CAPTURE_AUTORELEASING = YES;
				CLANG_WARN_BOOL_CONVERSION = YES;
				CLANG_WARN_COMMA = YES;
				CLANG_WARN_CONSTANT_CONVERSION = YES;
				CLANG_WARN_DEPRECATED_OBJC_IMPLEMENTATIONS = YES;
				CLANG_WARN_DIRECT_OBJC_ISA_USAGE = YES_ERROR;
				CLANG_WARN_DOCUMENTATION_COMMENTS = YES;
				CLANG_WARN_EMPTY_BODY = YES;
				CLANG_WARN_ENUM_CONVERSION = YES;
				CLANG_WARN_INFINITE_RECURSION = YES;
				CLANG_WARN_INT_CONVERSION = YES;
				CLANG_WARN_NON_LITERAL_NULL_CONVERSION = YES;
				CLANG_WARN_OBJC_IMPLICIT_RETAIN_SELF = YES;
				CLANG_WARN_OBJC_LITERAL_CONVERSION = YES;
				CLANG_WARN_OBJC_ROOT_CLASS = YES_ERROR;
				CLANG_WARN_QUOTED_INCLUDE_IN_FRAMEWORK_HEADER = YES;
				CLANG_WARN_RANGE_LOOP_ANALYSIS = YES;
				CLANG_WARN_STRICT_PROTOTYPES = YES;
				CLANG_WARN_SUSPICIOUS_MOVE = YES;
				CLANG_WARN_UNGUARDED_AVAILABILITY = YES_AGGRESSIVE;
				CLANG_WARN_UNREACHABLE_CODE = YES;
				CLANG_WARN__DUPLICATE_METHOD_MATCH = YES;
				COPY_PHASE_STRIP = NO;
				DEBUG_INFORMATION_FORMAT = dwarf;
				ENABLE_STRICT_OBJC_MSGSEND = YES;
				ENABLE_TESTABILITY = YES;
				GCC_C_LANGUAGE_STANDARD = gnu11;
				GCC_DYNAMIC_NO_PIC = NO;
				GCC_NO_COMMON_BLOCKS = YES;
				GCC_OPTIMIZATION_LEVEL = 0;
				GCC_PREPROCESSOR_DEFINITIONS = (
					"DEBUG=1",
					"$(inherited)",
				);
				GCC_WARN_64_TO_32_BIT_CONVERSION = YES;
				GCC_WARN_ABOUT_RETURN_TYPE = YES_ERROR;
				GCC_WARN_UNDECLARED_SELECTOR = YES;
				GCC_WARN_UNINITIALIZED_AUTOS = YES_AGGRESSIVE;
				GCC_WARN_UNUSED_FUNCTION = YES;
				GCC_WARN_UNUSED_VARIABLE = YES;
				IPHONEOS_DEPLOYMENT_TARGET = 16.2;
				MTL_ENABLE_DEBUG_INFO = INCLUDE_SOURCE;
				MTL_FAST_MATH = YES;
				ONLY_ACTIVE_ARCH = YES;
				SDKROOT = iphoneos;
				SWIFT_ACTIVE_COMPILATION_CONDITIONS = DEBUG;
				SWIFT_OPTIMIZATION_LEVEL = "-Onone";
			};
			name = Debug;
		};
		638B870229D3316800989841 /* Release */ = {
			isa = XCBuildConfiguration;
			buildSettings = {
				ALWAYS_SEARCH_USER_PATHS = NO;
				CLANG_ANALYZER_NONNULL = YES;
				CLANG_ANALYZER_NUMBER_OBJECT_CONVERSION = YES_AGGRESSIVE;
				CLANG_CXX_LANGUAGE_STANDARD = "gnu++20";
				CLANG_ENABLE_MODULES = YES;
				CLANG_ENABLE_OBJC_ARC = YES;
				CLANG_ENABLE_OBJC_WEAK = YES;
				CLANG_WARN_BLOCK_CAPTURE_AUTORELEASING = YES;
				CLANG_WARN_BOOL_CONVERSION = YES;
				CLANG_WARN_COMMA = YES;
				CLANG_WARN_CONSTANT_CONVERSION = YES;
				CLANG_WARN_DEPRECATED_OBJC_IMPLEMENTATIONS = YES;
				CLANG_WARN_DIRECT_OBJC_ISA_USAGE = YES_ERROR;
				CLANG_WARN_DOCUMENTATION_COMMENTS = YES;
				CLANG_WARN_EMPTY_BODY = YES;
				CLANG_WARN_ENUM_CONVERSION = YES;
				CLANG_WARN_INFINITE_RECURSION = YES;
				CLANG_WARN_INT_CONVERSION = YES;
				CLANG_WARN_NON_LITERAL_NULL_CONVERSION = YES;
				CLANG_WARN_OBJC_IMPLICIT_RETAIN_SELF = YES;
				CLANG_WARN_OBJC_LITERAL_CONVERSION = YES;
				CLANG_WARN_OBJC_ROOT_CLASS = YES_ERROR;
				CLANG_WARN_QUOTED_INCLUDE_IN_FRAMEWORK_HEADER = YES;
				CLANG_WARN_RANGE_LOOP_ANALYSIS = YES;
				CLANG_WARN_STRICT_PROTOTYPES = YES;
				CLANG_WARN_SUSPICIOUS_MOVE = YES;
				CLANG_WARN_UNGUARDED_AVAILABILITY = YES_AGGRESSIVE;
				CLANG_WARN_UNREACHABLE_CODE = YES;
				CLANG_WARN__DUPLICATE_METHOD_MATCH = YES;
				COPY_PHASE_STRIP = NO;
				DEBUG_INFORMATION_FORMAT = "dwarf-with-dsym";
				ENABLE_NS_ASSERTIONS = NO;
				ENABLE_STRICT_OBJC_MSGSEND = YES;
				GCC_C_LANGUAGE_STANDARD = gnu11;
				GCC_NO_COMMON_BLOCKS = YES;
				GCC_WARN_64_TO_32_BIT_CONVERSION = YES;
				GCC_WARN_ABOUT_RETURN_TYPE = YES_ERROR;
				GCC_WARN_UNDECLARED_SELECTOR = YES;
				GCC_WARN_UNINITIALIZED_AUTOS = YES_AGGRESSIVE;
				GCC_WARN_UNUSED_FUNCTION = YES;
				GCC_WARN_UNUSED_VARIABLE = YES;
				IPHONEOS_DEPLOYMENT_TARGET = 16.2;
				MTL_ENABLE_DEBUG_INFO = NO;
				MTL_FAST_MATH = YES;
				SDKROOT = iphoneos;
				SWIFT_COMPILATION_MODE = wholemodule;
				SWIFT_OPTIMIZATION_LEVEL = "-O";
				VALIDATE_PRODUCT = YES;
			};
			name = Release;
		};
		638B870429D3316800989841 /* Debug */ = {
			isa = XCBuildConfiguration;
			buildSettings = {
				ASSETCATALOG_COMPILER_APPICON_NAME = AppIcon;
				ASSETCATALOG_COMPILER_GLOBAL_ACCENT_COLOR_NAME = AccentColor;
				CODE_SIGN_STYLE = Automatic;
				CURRENT_PROJECT_VERSION = 1;
				DEVELOPMENT_TEAM = Y66F44DWRS;
				GENERATE_INFOPLIST_FILE = YES;
				INFOPLIST_FILE = TrippApp/Info.plist;
				INFOPLIST_KEY_UIApplicationSupportsIndirectInputEvents = YES;
				INFOPLIST_KEY_UILaunchStoryboardName = LaunchScreen;
				INFOPLIST_KEY_UIMainStoryboardFile = Main;
				INFOPLIST_KEY_UISupportedInterfaceOrientations_iPad = "UIInterfaceOrientationPortrait UIInterfaceOrientationPortraitUpsideDown UIInterfaceOrientationLandscapeLeft UIInterfaceOrientationLandscapeRight";
				INFOPLIST_KEY_UISupportedInterfaceOrientations_iPhone = "UIInterfaceOrientationPortrait UIInterfaceOrientationLandscapeLeft UIInterfaceOrientationLandscapeRight";
				LD_RUNPATH_SEARCH_PATHS = (
					"$(inherited)",
					"@executable_path/Frameworks",
				);
				MARKETING_VERSION = 1.0;
				PRODUCT_BUNDLE_IDENTIFIER = com.guilhermesoares.TrippApp;
				PRODUCT_NAME = "$(TARGET_NAME)";
				SWIFT_EMIT_LOC_STRINGS = YES;
				SWIFT_VERSION = 5.0;
				TARGETED_DEVICE_FAMILY = "1,2";
			};
			name = Debug;
		};
		638B870529D3316800989841 /* Release */ = {
			isa = XCBuildConfiguration;
			buildSettings = {
				ASSETCATALOG_COMPILER_APPICON_NAME = AppIcon;
				ASSETCATALOG_COMPILER_GLOBAL_ACCENT_COLOR_NAME = AccentColor;
				CODE_SIGN_STYLE = Automatic;
				CURRENT_PROJECT_VERSION = 1;
				DEVELOPMENT_TEAM = Y66F44DWRS;
				GENERATE_INFOPLIST_FILE = YES;
				INFOPLIST_FILE = TrippApp/Info.plist;
				INFOPLIST_KEY_UIApplicationSupportsIndirectInputEvents = YES;
				INFOPLIST_KEY_UILaunchStoryboardName = LaunchScreen;
				INFOPLIST_KEY_UIMainStoryboardFile = Main;
				INFOPLIST_KEY_UISupportedInterfaceOrientations_iPad = "UIInterfaceOrientationPortrait UIInterfaceOrientationPortraitUpsideDown UIInterfaceOrientationLandscapeLeft UIInterfaceOrientationLandscapeRight";
				INFOPLIST_KEY_UISupportedInterfaceOrientations_iPhone = "UIInterfaceOrientationPortrait UIInterfaceOrientationLandscapeLeft UIInterfaceOrientationLandscapeRight";
				LD_RUNPATH_SEARCH_PATHS = (
					"$(inherited)",
					"@executable_path/Frameworks",
				);
				MARKETING_VERSION = 1.0;
				PRODUCT_BUNDLE_IDENTIFIER = com.guilhermesoares.TrippApp;
				PRODUCT_NAME = "$(TARGET_NAME)";
				SWIFT_EMIT_LOC_STRINGS = YES;
				SWIFT_VERSION = 5.0;
				TARGETED_DEVICE_FAMILY = "1,2";
			};
			name = Release;
		};
		638B870729D3316800989841 /* Debug */ = {
			isa = XCBuildConfiguration;
			buildSettings = {
				ALWAYS_EMBED_SWIFT_STANDARD_LIBRARIES = YES;
				BUNDLE_LOADER = "$(TEST_HOST)";
				CODE_SIGN_STYLE = Automatic;
				CURRENT_PROJECT_VERSION = 1;
				DEVELOPMENT_TEAM = Y66F44DWRS;
				GENERATE_INFOPLIST_FILE = YES;
				IPHONEOS_DEPLOYMENT_TARGET = 16.2;
				MARKETING_VERSION = 1.0;
				PRODUCT_BUNDLE_IDENTIFIER = com.guilhermesoares.TrippAppTests;
				PRODUCT_NAME = "$(TARGET_NAME)";
				SWIFT_EMIT_LOC_STRINGS = NO;
				SWIFT_VERSION = 5.0;
				TARGETED_DEVICE_FAMILY = "1,2";
				TEST_HOST = "$(BUILT_PRODUCTS_DIR)/TrippApp.app/$(BUNDLE_EXECUTABLE_FOLDER_PATH)/TrippApp";
			};
			name = Debug;
		};
		638B870829D3316800989841 /* Release */ = {
			isa = XCBuildConfiguration;
			buildSettings = {
				ALWAYS_EMBED_SWIFT_STANDARD_LIBRARIES = YES;
				BUNDLE_LOADER = "$(TEST_HOST)";
				CODE_SIGN_STYLE = Automatic;
				CURRENT_PROJECT_VERSION = 1;
				DEVELOPMENT_TEAM = Y66F44DWRS;
				GENERATE_INFOPLIST_FILE = YES;
				IPHONEOS_DEPLOYMENT_TARGET = 16.2;
				MARKETING_VERSION = 1.0;
				PRODUCT_BUNDLE_IDENTIFIER = com.guilhermesoares.TrippAppTests;
				PRODUCT_NAME = "$(TARGET_NAME)";
				SWIFT_EMIT_LOC_STRINGS = NO;
				SWIFT_VERSION = 5.0;
				TARGETED_DEVICE_FAMILY = "1,2";
				TEST_HOST = "$(BUILT_PRODUCTS_DIR)/TrippApp.app/$(BUNDLE_EXECUTABLE_FOLDER_PATH)/TrippApp";
			};
			name = Release;
		};
		638B870A29D3316800989841 /* Debug */ = {
			isa = XCBuildConfiguration;
			buildSettings = {
				ALWAYS_EMBED_SWIFT_STANDARD_LIBRARIES = YES;
				CODE_SIGN_STYLE = Automatic;
				CURRENT_PROJECT_VERSION = 1;
				DEVELOPMENT_TEAM = Y66F44DWRS;
				GENERATE_INFOPLIST_FILE = YES;
				MARKETING_VERSION = 1.0;
				PRODUCT_BUNDLE_IDENTIFIER = com.guilhermesoares.TrippAppUITests;
				PRODUCT_NAME = "$(TARGET_NAME)";
				SWIFT_EMIT_LOC_STRINGS = NO;
				SWIFT_VERSION = 5.0;
				TARGETED_DEVICE_FAMILY = "1,2";
				TEST_TARGET_NAME = TrippApp;
			};
			name = Debug;
		};
		638B870B29D3316800989841 /* Release */ = {
			isa = XCBuildConfiguration;
			buildSettings = {
				ALWAYS_EMBED_SWIFT_STANDARD_LIBRARIES = YES;
				CODE_SIGN_STYLE = Automatic;
				CURRENT_PROJECT_VERSION = 1;
				DEVELOPMENT_TEAM = Y66F44DWRS;
				GENERATE_INFOPLIST_FILE = YES;
				MARKETING_VERSION = 1.0;
				PRODUCT_BUNDLE_IDENTIFIER = com.guilhermesoares.TrippAppUITests;
				PRODUCT_NAME = "$(TARGET_NAME)";
				SWIFT_EMIT_LOC_STRINGS = NO;
				SWIFT_VERSION = 5.0;
				TARGETED_DEVICE_FAMILY = "1,2";
				TEST_TARGET_NAME = TrippApp;
			};
			name = Release;
		};
/* End XCBuildConfiguration section */

/* Begin XCConfigurationList section */
		638B86D429D3316700989841 /* Build configuration list for PBXProject "TrippApp" */ = {
			isa = XCConfigurationList;
			buildConfigurations = (
				638B870129D3316800989841 /* Debug */,
				638B870229D3316800989841 /* Release */,
			);
			defaultConfigurationIsVisible = 0;
			defaultConfigurationName = Release;
		};
		638B870329D3316800989841 /* Build configuration list for PBXNativeTarget "TrippApp" */ = {
			isa = XCConfigurationList;
			buildConfigurations = (
				638B870429D3316800989841 /* Debug */,
				638B870529D3316800989841 /* Release */,
			);
			defaultConfigurationIsVisible = 0;
			defaultConfigurationName = Release;
		};
		638B870629D3316800989841 /* Build configuration list for PBXNativeTarget "TrippAppTests" */ = {
			isa = XCConfigurationList;
			buildConfigurations = (
				638B870729D3316800989841 /* Debug */,
				638B870829D3316800989841 /* Release */,
			);
			defaultConfigurationIsVisible = 0;
			defaultConfigurationName = Release;
		};
		638B870929D3316800989841 /* Build configuration list for PBXNativeTarget "TrippAppUITests" */ = {
			isa = XCConfigurationList;
			buildConfigurations = (
				638B870A29D3316800989841 /* Debug */,
				638B870B29D3316800989841 /* Release */,
			);
			defaultConfigurationIsVisible = 0;
			defaultConfigurationName = Release;
		};
/* End XCConfigurationList section */
	};
	rootObject = 638B86D129D3316700989841 /* Project object */;
}
